# THIS IS AN AUTOGENERATED FILE. DO NOT EDIT THIS FILE DIRECTLY.
# yarn lockfile v1


"@google/model-viewer@^0.7.2":
  version "0.7.2"
  resolved "https://registry.yarnpkg.com/@google/model-viewer/-/model-viewer-0.7.2.tgz#3fe3bb26dc9dc2d10b612ad543daae5d35c54cfd"
  integrity sha512-8M6Z18hun0Mzdgtp/SUa9dvQyzk2h9E8S+gJku+5JyB7jCAWLyqTfLMqucz/zYTpxkv8Idvf9p7g1r/FUvjfVQ==
  dependencies:
    lit-element "^2.2.0"
    three "^0.108.0"

lit-element@^2.2.0:
  version "2.2.1"
  resolved "https://registry.yarnpkg.com/lit-element/-/lit-element-2.2.1.tgz#79c94d8cfdc2d73b245656e37991bd1e4811d96f"
  integrity sha512-ipDcgQ1EpW6Va2Z6dWm79jYdimVepO5GL0eYkZrFvdr0OD/1N260Q9DH+K5HXHFrRoC7dOg+ZpED2XE0TgGdXw==
  dependencies:
    lit-html "^1.0.0"

lit-html@^1.0.0:
  version "1.1.2"
  resolved "https://registry.yarnpkg.com/lit-html/-/lit-html-1.1.2.tgz#2e3560a7075210243649c888ad738eaf0daa8374"
  integrity sha512-FFlUMKHKi+qG1x1iHNZ1hrtc/zHmfYTyrSvs3/wBTvaNtpZjOZGWzU7efGYVpgp6KvWeKF6ql9/KsCq6Z/mEDA==

three@^0.108.0:
  version "0.108.0"
  resolved "https://registry.yarnpkg.com/three/-/three-0.108.0.tgz#53d26597c7932f214bb43f4655e566d2058143b5"
  integrity sha512-d1ysIXwi8qTlbmMwrTxi5pYiiYIflEr0e48krP0LAY8ndS8c6fkLHn6NvRT+o76/Fs9PBLxFViuI62iGVWwwlg==
